
Microsoft Visual Studio Solution File, Format Version 12.00
# Visual Studio Version 16
VisualStudioVersion = 16.0.31402.337
MinimumVisualStudioVersion = 10.0.40219.1
Project("{9A19103F-16F7-4668-BE54-9A1E7A4F7556}") = "ITARoutePlanner.View", "ITARoutePlanner.View\ITARoutePlanner.View.csproj", "{D3D7717F-FD97-4284-9136-C7BDBB05545D}"
EndProject
Project("{9A19103F-16F7-4668-BE54-9A1E7A4F7556}") = "ITARoutePlanner.EF", "ITARoutePlanner.EF\ITARoutePlanner.EF.csproj", "{45165D5D-1D53-47DE-8E78-46DFCC8D110D}"
EndProject
Project("{FAE04EC0-301F-11D3-BF4B-00C04F79EFBC}") = "ITARoutePlanner.Domain", "ITARoutePlanner.Domain\ITARoutePlanner.Domain.csproj", "{98720FBA-0882-4FEF-859A-C8A6E0DA9257}"
EndProject
Global
	GlobalSection(SolutionConfigurationPlatforms) = preSolution
		Debug|Any CPU = Debug|Any CPU
		Release|Any CPU = Release|Any CPU
	EndGlobalSection
	GlobalSection(ProjectConfigurationPlatforms) = postSolution
		{D3D7717F-FD97-4284-9136-C7BDBB05545D}.Debug|Any CPU.ActiveCfg = Debug|Any CPU
		{D3D7717F-FD97-4284-9136-C7BDBB05545D}.Debug|Any CPU.Build.0 = Debug|Any CPU
		{D3D7717F-FD97-4284-9136-C7BDBB05545D}.Release|Any CPU.ActiveCfg = Release|Any CPU
		{D3D7717F-FD97-4284-9136-C7BDBB05545D}.Release|Any CPU.Build.0 = Release|Any CPU
		{45165D5D-1D53-47DE-8E78-46DFCC8D110D}.Debug|Any CPU.ActiveCfg = Debug|Any CPU
		{45165D5D-1D53-47DE-8E78-46DFCC8D110D}.Debug|Any CPU.Build.0 = Debug|Any CPU
		{45165D5D-1D53-47DE-8E78-46DFCC8D110D}.Release|Any CPU.ActiveCfg = Release|Any CPU
		{45165D5D-1D53-47DE-8E78-46DFCC8D110D}.Release|Any CPU.Build.0 = Release|Any CPU
		{98720FBA-0882-4FEF-859A-C8A6E0DA9257}.Debug|Any CPU.ActiveCfg = Debug|Any CPU
		{98720FBA-0882-4FEF-859A-C8A6E0DA9257}.Debug|Any CPU.Build.0 = Debug|Any CPU
		{98720FBA-0882-4FEF-859A-C8A6E0DA9257}.Release|Any CPU.ActiveCfg = Release|Any CPU
		{98720FBA-0882-4FEF-859A-C8A6E0DA9257}.Release|Any CPU.Build.0 = Release|Any CPU
	EndGlobalSection
	GlobalSection(SolutionProperties) = preSolution
		HideSolutionNode = FALSE
	EndGlobalSection
	GlobalSection(ExtensibilityGlobals) = postSolution
		SolutionGuid = {D9981542-BDC7-40C3-A1AD-06C3006A738C}
	EndGlobalSection
EndGlobal
